// !$*UTF8*$!
{
	archiveVersion = 1;
	classes = {
	};
	objectVersion = 55;
	objects = {

/* Begin PBXBuildFile section */
		FA03800D2708EDA300C70D1F /* SuperHero.swift in Sources */ = {isa = PBXBuildFile; fileRef = FA03800C2708EDA300C70D1F /* SuperHero.swift */; };
		FA03800F2709D39F00C70D1F /* NetworkDataFetcher.swift in Sources */ = {isa = PBXBuildFile; fileRef = FA03800E2709D39F00C70D1F /* NetworkDataFetcher.swift */; };
		FA0380112709E5B900C70D1F /* NetworkService.swift in Sources */ = {isa = PBXBuildFile; fileRef = FA0380102709E5B900C70D1F /* NetworkService.swift */; };
		FA0380132709F12E00C70D1F /* DataFetcherService.swift in Sources */ = {isa = PBXBuildFile; fileRef = FA0380122709F12E00C70D1F /* DataFetcherService.swift */; };
		FA038016270A2B5500C70D1F /* HeroImageView.swift in Sources */ = {isa = PBXBuildFile; fileRef = FA038015270A2B5500C70D1F /* HeroImageView.swift */; };
		FABB80A227086EE5002C9491 /* AppDelegate.swift in Sources */ = {isa = PBXBuildFile; fileRef = FABB80A127086EE5002C9491 /* AppDelegate.swift */; };
		FABB80A427086EE5002C9491 /* SceneDelegate.swift in Sources */ = {isa = PBXBuildFile; fileRef = FABB80A327086EE5002C9491 /* SceneDelegate.swift */; };
		FABB80A627086EE5002C9491 /* MainViewController.swift in Sources */ = {isa = PBXBuildFile; fileRef = FABB80A527086EE5002C9491 /* MainViewController.swift */; };
		FABB80A927086EE5002C9491 /* Main.storyboard in Resources */ = {isa = PBXBuildFile; fileRef = FABB80A727086EE5002C9491 /* Main.storyboard */; };
		FABB80AB27086EE8002C9491 /* Assets.xcassets in Resources */ = {isa = PBXBuildFile; fileRef = FABB80AA27086EE8002C9491 /* Assets.xcassets */; };
		FABB80AE27086EE8002C9491 /* LaunchScreen.storyboard in Resources */ = {isa = PBXBuildFile; fileRef = FABB80AC27086EE8002C9491 /* LaunchScreen.storyboard */; };
		FABB80B62708762E002C9491 /* CollectionViewCell.swift in Sources */ = {isa = PBXBuildFile; fileRef = FABB80B52708762E002C9491 /* CollectionViewCell.swift */; };
		FABB80B82708D77B002C9491 /* DetailViewController.swift in Sources */ = {isa = PBXBuildFile; fileRef = FABB80B72708D77B002C9491 /* DetailViewController.swift */; };
/* End PBXBuildFile section */

/* Begin PBXFileReference section */
		FA03800C2708EDA300C70D1F /* SuperHero.swift */ = {isa = PBXFileReference; lastKnownFileType = sourcecode.swift; path = SuperHero.swift; sourceTree = "<group>"; };
		FA03800E2709D39F00C70D1F /* NetworkDataFetcher.swift */ = {isa = PBXFileReference; lastKnownFileType = sourcecode.swift; path = NetworkDataFetcher.swift; sourceTree = "<group>"; };
		FA0380102709E5B900C70D1F /* NetworkService.swift */ = {isa = PBXFileReference; lastKnownFileType = sourcecode.swift; path = NetworkService.swift; sourceTree = "<group>"; };
		FA0380122709F12E00C70D1F /* DataFetcherService.swift */ = {isa = PBXFileReference; lastKnownFileType = sourcecode.swift; path = DataFetcherService.swift; sourceTree = "<group>"; };
		FA038015270A2B5500C70D1F /* HeroImageView.swift */ = {isa = PBXFileReference; lastKnownFileType = sourcecode.swift; path = HeroImageView.swift; sourceTree = "<group>"; };
		FABB809E27086EE5002C9491 /* SuperheroLibrary.app */ = {isa = PBXFileReference; explicitFileType = wrapper.application; includeInIndex = 0; path = SuperheroLibrary.app; sourceTree = BUILT_PRODUCTS_DIR; };
		FABB80A127086EE5002C9491 /* AppDelegate.swift */ = {isa = PBXFileReference; lastKnownFileType = sourcecode.swift; path = AppDelegate.swift; sourceTree = "<group>"; };
		FABB80A327086EE5002C9491 /* SceneDelegate.swift */ = {isa = PBXFileReference; lastKnownFileType = sourcecode.swift; path = SceneDelegate.swift; sourceTree = "<group>"; };
		FABB80A527086EE5002C9491 /* MainViewController.swift */ = {isa = PBXFileReference; lastKnownFileType = sourcecode.swift; path = MainViewController.swift; sourceTree = "<group>"; };
		FABB80A827086EE5002C9491 /* Base */ = {isa = PBXFileReference; lastKnownFileType = file.storyboard; name = Base; path = Base.lproj/Main.storyboard; sourceTree = "<group>"; };
		FABB80AA27086EE8002C9491 /* Assets.xcassets */ = {isa = PBXFileReference; lastKnownFileType = folder.assetcatalog; path = Assets.xcassets; sourceTree = "<group>"; };
		FABB80AD27086EE8002C9491 /* Base */ = {isa = PBXFileReference; lastKnownFileType = file.storyboard; name = Base; path = Base.lproj/LaunchScreen.storyboard; sourceTree = "<group>"; };
		FABB80AF27086EE8002C9491 /* Info.plist */ = {isa = PBXFileReference; lastKnownFileType = text.plist.xml; path = Info.plist; sourceTree = "<group>"; };
		FABB80B52708762E002C9491 /* CollectionViewCell.swift */ = {isa = PBXFileReference; lastKnownFileType = sourcecode.swift; path = CollectionViewCell.swift; sourceTree = "<group>"; };
		FABB80B72708D77B002C9491 /* DetailViewController.swift */ = {isa = PBXFileReference; lastKnownFileType = sourcecode.swift; path = DetailViewController.swift; sourceTree = "<group>"; };
/* End PBXFileReference section */

/* Begin PBXFrameworksBuildPhase section */
		FABB809B27086EE5002C9491 /* Frameworks */ = {
			isa = PBXFrameworksBuildPhase;
			buildActionMask = 2147483647;
			files = (
			);
			runOnlyForDeploymentPostprocessing = 0;
		};
/* End PBXFrameworksBuildPhase section */

/* Begin PBXGroup section */
		FA0380072708EB5000C70D1F /* Model */ = {
			isa = PBXGroup;
			children = (
				FA03800C2708EDA300C70D1F /* SuperHero.swift */,
			);
			path = Model;
			sourceTree = "<group>";
		};
		FA0380082708EB9200C70D1F /* Network Service */ = {
			isa = PBXGroup;
			children = (
				FA0380102709E5B900C70D1F /* NetworkService.swift */,
				FA03800E2709D39F00C70D1F /* NetworkDataFetcher.swift */,
				FA0380122709F12E00C70D1F /* DataFetcherService.swift */,
			);
			path = "Network Service";
			sourceTree = "<group>";
		};
		FA0380092708EBB300C70D1F /* SupportingFiles */ = {
			isa = PBXGroup;
			children = (
				FABB80A127086EE5002C9491 /* AppDelegate.swift */,
				FABB80A327086EE5002C9491 /* SceneDelegate.swift */,
			);
			path = SupportingFiles;
			sourceTree = "<group>";
		};
		FA03800A2708EBD700C70D1F /* Storyboards */ = {
			isa = PBXGroup;
			children = (
				FABB80AC27086EE8002C9491 /* LaunchScreen.storyboard */,
				FABB80A727086EE5002C9491 /* Main.storyboard */,
			);
			path = Storyboards;
			sourceTree = "<group>";
		};
		FA03800B2708EC0D00C70D1F /* ViewControllers */ = {
			isa = PBXGroup;
			children = (
				FABB80A527086EE5002C9491 /* MainViewController.swift */,
				FABB80B72708D77B002C9491 /* DetailViewController.swift */,
			);
			path = ViewControllers;
			sourceTree = "<group>";
		};
		FA038014270A2A8600C70D1F /* Views */ = {
			isa = PBXGroup;
			children = (
				FABB80B52708762E002C9491 /* CollectionViewCell.swift */,
				FA038015270A2B5500C70D1F /* HeroImageView.swift */,
			);
			path = Views;
			sourceTree = "<group>";
		};
		FA038017270A2BEC00C70D1F /* Source */ = {
			isa = PBXGroup;
			children = (
				FABB80AA27086EE8002C9491 /* Assets.xcassets */,
			);
			path = Source;
			sourceTree = "<group>";
		};
		FABB809527086EE5002C9491 = {
			isa = PBXGroup;
			children = (
				FABB80A027086EE5002C9491 /* SuperheroLibrary */,
				FABB809F27086EE5002C9491 /* Products */,
			);
			sourceTree = "<group>";
		};
		FABB809F27086EE5002C9491 /* Products */ = {
			isa = PBXGroup;
			children = (
				FABB809E27086EE5002C9491 /* SuperheroLibrary.app */,
			);
			name = Products;
			sourceTree = "<group>";
		};
		FABB80A027086EE5002C9491 /* SuperheroLibrary */ = {
			isa = PBXGroup;
			children = (
				FA038014270A2A8600C70D1F /* Views */,
				FA03800B2708EC0D00C70D1F /* ViewControllers */,
				FA0380082708EB9200C70D1F /* Network Service */,
				FA0380072708EB5000C70D1F /* Model */,
				FA03800A2708EBD700C70D1F /* Storyboards */,
				FA0380092708EBB300C70D1F /* SupportingFiles */,
				FA038017270A2BEC00C70D1F /* Source */,
				FABB80AF27086EE8002C9491 /* Info.plist */,
			);
			path = SuperheroLibrary;
			sourceTree = "<group>";
		};
/* End PBXGroup section */

/* Begin PBXNativeTarget section */
		FABB809D27086EE5002C9491 /* SuperheroLibrary */ = {
			isa = PBXNativeTarget;
			buildConfigurationList = FABB80B227086EE8002C9491 /* Build configuration list for PBXNativeTarget "SuperheroLibrary" */;
			buildPhases = (
				FABB809A27086EE5002C9491 /* Sources */,
				FABB809B27086EE5002C9491 /* Frameworks */,
				FABB809C27086EE5002C9491 /* Resources */,
			);
			buildRules = (
			);
			dependencies = (
			);
			name = SuperheroLibrary;
			productName = SuperheroLibrary;
			productReference = FABB809E27086EE5002C9491 /* SuperheroLibrary.app */;
			productType = "com.apple.product-type.application";
		};
/* End PBXNativeTarget section */

/* Begin PBXProject section */
		FABB809627086EE5002C9491 /* Project object */ = {
			isa = PBXProject;
			attributes = {
				BuildIndependentTargetsInParallel = 1;
				LastSwiftUpdateCheck = 1300;
				LastUpgradeCheck = 1300;
				TargetAttributes = {
					FABB809D27086EE5002C9491 = {
						CreatedOnToolsVersion = 13.0;
					};
				};
			};
			buildConfigurationList = FABB809927086EE5002C9491 /* Build configuration list for PBXProject "SuperheroLibrary" */;
			compatibilityVersion = "Xcode 13.0";
			developmentRegion = en;
			hasScannedForEncodings = 0;
			knownRegions = (
				en,
				Base,
			);
			mainGroup = FABB809527086EE5002C9491;
			productRefGroup = FABB809F27086EE5002C9491 /* Products */;
			projectDirPath = "";
			projectRoot = "";
			targets = (
				FABB809D27086EE5002C9491 /* SuperheroLibrary */,
			);
		};
/* End PBXProject section */

/* Begin PBXResourcesBuildPhase section */
		FABB809C27086EE5002C9491 /* Resources */ = {
			isa = PBXResourcesBuildPhase;
			buildActionMask = 2147483647;
			files = (
				FABB80AE27086EE8002C9491 /* LaunchScreen.storyboard in Resources */,
				FABB80AB27086EE8002C9491 /* Assets.xcassets in Resources */,
				FABB80A927086EE5002C9491 /* Main.storyboard in Resources */,
			);
			runOnlyForDeploymentPostprocessing = 0;
		};
/* End PBXResourcesBuildPhase section */

/* Begin PBXSourcesBuildPhase section */
		FABB809A27086EE5002C9491 /* Sources */ = {
			isa = PBXSourcesBuildPhase;
			buildActionMask = 2147483647;
			files = (
				FABB80A627086EE5002C9491 /* MainViewController.swift in Sources */,
				FABB80A227086EE5002C9491 /* AppDelegate.swift in Sources */,
				FA0380112709E5B900C70D1F /* NetworkService.swift in Sources */,
				FABB80B82708D77B002C9491 /* DetailViewController.swift in Sources */,
				FA038016270A2B5500C70D1F /* HeroImageView.swift in Sources */,
				FA03800F2709D39F00C70D1F /* NetworkDataFetcher.swift in Sources */,
				FA0380132709F12E00C70D1F /* DataFetcherService.swift in Sources */,
				FABB80B62708762E002C9491 /* CollectionViewCell.swift in Sources */,
				FABB80A427086EE5002C9491 /* SceneDelegate.swift in Sources */,
				FA03800D2708EDA300C70D1F /* SuperHero.swift in Sources */,
			);
			runOnlyForDeploymentPostprocessing = 0;
		};
/* End PBXSourcesBuildPhase section */

/* Begin PBXVariantGroup section */
		FABB80A727086EE5002C9491 /* Main.storyboard */ = {
			isa = PBXVariantGroup;
			children = (
				FABB80A827086EE5002C9491 /* Base */,
			);
			name = Main.storyboard;
			sourceTree = "<group>";
		};
		FABB80AC27086EE8002C9491 /* LaunchScreen.storyboard */ = {
			isa = PBXVariantGroup;
			children = (
				FABB80AD27086EE8002C9491 /* Base */,
			);
			name = LaunchScreen.storyboard;
			sourceTree = "<group>";
		};
/* End PBXVariantGroup section */

/* Begin XCBuildConfiguration section */
		FABB80B027086EE8002C9491 /* Debug */ = {
			isa = XCBuildConfiguration;
			buildSettings = {
				ALWAYS_SEARCH_USER_PATHS = NO;
				CLANG_ANALYZER_NONNULL = YES;
				CLANG_ANALYZER_NUMBER_OBJECT_CONVERSION = YES_AGGRESSIVE;
				CLANG_CXX_LANGUAGE_STANDARD = "gnu++17";
				CLANG_CXX_LIBRARY = "libc++";
				CLANG_ENABLE_MODULES = YES;
				CLANG_ENABLE_OBJC_ARC = YES;
				CLANG_ENABLE_OBJC_WEAK = YES;
				CLANG_WARN_BLOCK_CAPTURE_AUTORELEASING = YES;
				CLANG_WARN_BOOL_CONVERSION = YES;
				CLANG_WARN_COMMA = YES;
				CLANG_WARN_CONSTANT_CONVERSION = YES;
				CLANG_WARN_DEPRECATED_OBJC_IMPLEMENTATIONS = YES;
				CLANG_WARN_DIRECT_OBJC_ISA_USAGE = YES_ERROR;
				CLANG_WARN_DOCUMENTATION_COMMENTS = YES;
				CLANG_WARN_EMPTY_BODY = YES;
				CLANG_WARN_ENUM_CONVERSION = YES;
				CLANG_WARN_INFINITE_RECURSION = YES;
				CLANG_WARN_INT_CONVERSION = YES;
				CLANG_WARN_NON_LITERAL_NULL_CONVERSION = YES;
				CLANG_WARN_OBJC_IMPLICIT_RETAIN_SELF = YES;
				CLANG_WARN_OBJC_LITERAL_CONVERSION = YES;
				CLANG_WARN_OBJC_ROOT_CLASS = YES_ERROR;
				CLANG_WARN_QUOTED_INCLUDE_IN_FRAMEWORK_HEADER = YES;
				CLANG_WARN_RANGE_LOOP_ANALYSIS = YES;
				CLANG_WARN_STRICT_PROTOTYPES = YES;
				CLANG_WARN_SUSPICIOUS_MOVE = YES;
				CLANG_WARN_UNGUARDED_AVAILABILITY = YES_AGGRESSIVE;
				CLANG_WARN_UNREACHABLE_CODE = YES;
				CLANG_WARN__DUPLICATE_METHOD_MATCH = YES;
				COPY_PHASE_STRIP = NO;
				DEBUG_INFORMATION_FORMAT = dwarf;
				ENABLE_STRICT_OBJC_MSGSEND = YES;
				ENABLE_TESTABILITY = YES;
				GCC_C_LANGUAGE_STANDARD = gnu11;
				GCC_DYNAMIC_NO_PIC = NO;
				GCC_NO_COMMON_BLOCKS = YES;
				GCC_OPTIMIZATION_LEVEL = 0;
				GCC_PREPROCESSOR_DEFINITIONS = (
					"DEBUG=1",
					"$(inherited)",
				);
				GCC_WARN_64_TO_32_BIT_CONVERSION = YES;
				GCC_WARN_ABOUT_RETURN_TYPE = YES_ERROR;
				GCC_WARN_UNDECLARED_SELECTOR = YES;
				GCC_WARN_UNINITIALIZED_AUTOS = YES_AGGRESSIVE;
				GCC_WARN_UNUSED_FUNCTION = YES;
				GCC_WARN_UNUSED_VARIABLE = YES;
				IPHONEOS_DEPLOYMENT_TARGET = 15.0;
				MTL_ENABLE_DEBUG_INFO = INCLUDE_SOURCE;
				MTL_FAST_MATH = YES;
				ONLY_ACTIVE_ARCH = YES;
				SDKROOT = iphoneos;
				SWIFT_ACTIVE_COMPILATION_CONDITIONS = DEBUG;
				SWIFT_OPTIMIZATION_LEVEL = "-Onone";
			};
			name = Debug;
		};
		FABB80B127086EE8002C9491 /* Release */ = {
			isa = XCBuildConfiguration;
			buildSettings = {
				ALWAYS_SEARCH_USER_PATHS = NO;
				CLANG_ANALYZER_NONNULL = YES;
				CLANG_ANALYZER_NUMBER_OBJECT_CONVERSION = YES_AGGRESSIVE;
				CLANG_CXX_LANGUAGE_STANDARD = "gnu++17";
				CLANG_CXX_LIBRARY = "libc++";
				CLANG_ENABLE_MODULES = YES;
				CLANG_ENABLE_OBJC_ARC = YES;
				CLANG_ENABLE_OBJC_WEAK = YES;
				CLANG_WARN_BLOCK_CAPTURE_AUTORELEASING = YES;
				CLANG_WARN_BOOL_CONVERSION = YES;
				CLANG_WARN_COMMA = YES;
				CLANG_WARN_CONSTANT_CONVERSION = YES;
				CLANG_WARN_DEPRECATED_OBJC_IMPLEMENTATIONS = YES;
				CLANG_WARN_DIRECT_OBJC_ISA_USAGE = YES_ERROR;
				CLANG_WARN_DOCUMENTATION_COMMENTS = YES;
				CLANG_WARN_EMPTY_BODY = YES;
				CLANG_WARN_ENUM_CONVERSION = YES;
				CLANG_WARN_INFINITE_RECURSION = YES;
				CLANG_WARN_INT_CONVERSION = YES;
				CLANG_WARN_NON_LITERAL_NULL_CONVERSION = YES;
				CLANG_WARN_OBJC_IMPLICIT_RETAIN_SELF = YES;
				CLANG_WARN_OBJC_LITERAL_CONVERSION = YES;
				CLANG_WARN_OBJC_ROOT_CLASS = YES_ERROR;
				CLANG_WARN_QUOTED_INCLUDE_IN_FRAMEWORK_HEADER = YES;
				CLANG_WARN_RANGE_LOOP_ANALYSIS = YES;
				CLANG_WARN_STRICT_PROTOTYPES = YES;
				CLANG_WARN_SUSPICIOUS_MOVE = YES;
				CLANG_WARN_UNGUARDED_AVAILABILITY = YES_AGGRESSIVE;
				CLANG_WARN_UNREACHABLE_CODE = YES;
				CLANG_WARN__DUPLICATE_METHOD_MATCH = YES;
				COPY_PHASE_STRIP = NO;
				DEBUG_INFORMATION_FORMAT = "dwarf-with-dsym";
				ENABLE_NS_ASSERTIONS = NO;
				ENABLE_STRICT_OBJC_MSGSEND = YES;
				GCC_C_LANGUAGE_STANDARD = gnu11;
				GCC_NO_COMMON_BLOCKS = YES;
				GCC_WARN_64_TO_32_BIT_CONVERSION = YES;
				GCC_WARN_ABOUT_RETURN_TYPE = YES_ERROR;
				GCC_WARN_UNDECLARED_SELECTOR = YES;
				GCC_WARN_UNINITIALIZED_AUTOS = YES_AGGRESSIVE;
				GCC_WARN_UNUSED_FUNCTION = YES;
				GCC_WARN_UNUSED_VARIABLE = YES;
				IPHONEOS_DEPLOYMENT_TARGET = 15.0;
				MTL_ENABLE_DEBUG_INFO = NO;
				MTL_FAST_MATH = YES;
				SDKROOT = iphoneos;
				SWIFT_COMPILATION_MODE = wholemodule;
				SWIFT_OPTIMIZATION_LEVEL = "-O";
				VALIDATE_PRODUCT = YES;
			};
			name = Release;
		};
		FABB80B327086EE8002C9491 /* Debug */ = {
			isa = XCBuildConfiguration;
			buildSettings = {
				ASSETCATALOG_COMPILER_APPICON_NAME = AppIcon;
				ASSETCATALOG_COMPILER_GLOBAL_ACCENT_COLOR_NAME = AccentColor;
				CODE_SIGN_STYLE = Automatic;
				CURRENT_PROJECT_VERSION = 1;
				DEVELOPMENT_TEAM = X56KS4SF62;
				GENERATE_INFOPLIST_FILE = YES;
				INFOPLIST_FILE = SuperheroLibrary/Info.plist;
				INFOPLIST_KEY_UIApplicationSupportsIndirectInputEvents = YES;
				INFOPLIST_KEY_UILaunchStoryboardName = LaunchScreen;
				INFOPLIST_KEY_UIMainStoryboardFile = Main;
				INFOPLIST_KEY_UISupportedInterfaceOrientations_iPad = "UIInterfaceOrientationPortrait UIInterfaceOrientationPortraitUpsideDown UIInterfaceOrientationLandscapeLeft UIInterfaceOrientationLandscapeRight";
				INFOPLIST_KEY_UISupportedInterfaceOrientations_iPhone = "UIInterfaceOrientationPortrait UIInterfaceOrientationLandscapeLeft UIInterfaceOrientationLandscapeRight";
				LD_RUNPATH_SEARCH_PATHS = (
					"$(inherited)",
					"@executable_path/Frameworks",
				);
				MARKETING_VERSION = 1.0;
				PRODUCT_BUNDLE_IDENTIFIER = "Nikita-Alekseev.SuperheroLibrary";
				PRODUCT_NAME = "$(TARGET_NAME)";
				SWIFT_EMIT_LOC_STRINGS = YES;
				SWIFT_VERSION = 5.0;
				TARGETED_DEVICE_FAMILY = "1,2";
			};
			name = Debug;
		};
		FABB80B427086EE8002C9491 /* Release */ = {
			isa = XCBuildConfiguration;
			buildSettings = {
				ASSETCATALOG_COMPILER_APPICON_NAME = AppIcon;
				ASSETCATALOG_COMPILER_GLOBAL_ACCENT_COLOR_NAME = AccentColor;
				CODE_SIGN_STYLE = Automatic;
				CURRENT_PROJECT_VERSION = 1;
				DEVELOPMENT_TEAM = X56KS4SF62;
				GENERATE_INFOPLIST_FILE = YES;
				INFOPLIST_FILE = SuperheroLibrary/Info.plist;
				INFOPLIST_KEY_UIApplicationSupportsIndirectInputEvents = YES;
				INFOPLIST_KEY_UILaunchStoryboardName = LaunchScreen;
				INFOPLIST_KEY_UIMainStoryboardFile = Main;
				INFOPLIST_KEY_UISupportedInterfaceOrientations_iPad = "UIInterfaceOrientationPortrait UIInterfaceOrientationPortraitUpsideDown UIInterfaceOrientationLandscapeLeft UIInterfaceOrientationLandscapeRight";
				INFOPLIST_KEY_UISupportedInterfaceOrientations_iPhone = "UIInterfaceOrientationPortrait UIInterfaceOrientationLandscapeLeft UIInterfaceOrientationLandscapeRight";
				LD_RUNPATH_SEARCH_PATHS = (
					"$(inherited)",
					"@executable_path/Frameworks",
				);
				MARKETING_VERSION = 1.0;
				PRODUCT_BUNDLE_IDENTIFIER = "Nikita-Alekseev.SuperheroLibrary";
				PRODUCT_NAME = "$(TARGET_NAME)";
				SWIFT_EMIT_LOC_STRINGS = YES;
				SWIFT_VERSION = 5.0;
				TARGETED_DEVICE_FAMILY = "1,2";
			};
			name = Release;
		};
/* End XCBuildConfiguration section */

/* Begin XCConfigurationList section */
		FABB809927086EE5002C9491 /* Build configuration list for PBXProject "SuperheroLibrary" */ = {
			isa = XCConfigurationList;
			buildConfigurations = (
				FABB80B027086EE8002C9491 /* Debug */,
				FABB80B127086EE8002C9491 /* Release */,
			);
			defaultConfigurationIsVisible = 0;
			defaultConfigurationName = Release;
		};
		FABB80B227086EE8002C9491 /* Build configuration list for PBXNativeTarget "SuperheroLibrary" */ = {
			isa = XCConfigurationList;
			buildConfigurations = (
				FABB80B327086EE8002C9491 /* Debug */,
				FABB80B427086EE8002C9491 /* Release */,
			);
			defaultConfigurationIsVisible = 0;
			defaultConfigurationName = Release;
		};
/* End XCConfigurationList section */
	};
	rootObject = FABB809627086EE5002C9491 /* Project object */;
}
